// !$*UTF8*$!
{
	archiveVersion = 1;
	classes = {
	};
	objectVersion = 50;
	objects = {

/* Begin PBXBuildFile section */
		08BC0B542167E7F4003E44BE /* AppDelegate.m in Sources */ = {isa = PBXBuildFile; fileRef = 08BC0B532167E7F4003E44BE /* AppDelegate.m */; };
		08BC0B572167E7F4003E44BE /* ViewController.m in Sources */ = {isa = PBXBuildFile; fileRef = 08BC0B562167E7F4003E44BE /* ViewController.m */; };
		08BC0B5A2167E7F4003E44BE /* Main.storyboard in Resources */ = {isa = PBXBuildFile; fileRef = 08BC0B582167E7F4003E44BE /* Main.storyboard */; };
		08BC0B5C2167E7F6003E44BE /* Assets.xcassets in Resources */ = {isa = PBXBuildFile; fileRef = 08BC0B5B2167E7F6003E44BE /* Assets.xcassets */; };
		08BC0B5F2167E7F6003E44BE /* LaunchScreen.storyboard in Resources */ = {isa = PBXBuildFile; fileRef = 08BC0B5D2167E7F6003E44BE /* LaunchScreen.storyboard */; };
		08BC0B622167E7F6003E44BE /* main.m in Sources */ = {isa = PBXBuildFile; fileRef = 08BC0B612167E7F6003E44BE /* main.m */; };
		08BC0B76216C0432003E44BE /* Parazitii.mp3 in Resources */ = {isa = PBXBuildFile; fileRef = 08BC0B75216C0432003E44BE /* Parazitii.mp3 */; };
		08BC0B7B216C13E0003E44BE /* bike horn.aiff in Resources */ = {isa = PBXBuildFile; fileRef = 08BC0B77216C13E0003E44BE /* bike horn.aiff */; };
		08BC0B7C216C13E0003E44BE /* sncf.aiff in Resources */ = {isa = PBXBuildFile; fileRef = 08BC0B78216C13E0003E44BE /* sncf.aiff */; };
		08BC0B7D216C13E0003E44BE /* toy horn.aiff in Resources */ = {isa = PBXBuildFile; fileRef = 08BC0B79216C13E0003E44BE /* toy horn.aiff */; };
		08BC0B7E216C13E0003E44BE /* marimba.aiff in Resources */ = {isa = PBXBuildFile; fileRef = 08BC0B7A216C13E0003E44BE /* marimba.aiff */; };
/* End PBXBuildFile section */

/* Begin PBXFileReference section */
		08BC0B4F2167E7F4003E44BE /* SoundDemo.app */ = {isa = PBXFileReference; explicitFileType = wrapper.application; includeInIndex = 0; path = SoundDemo.app; sourceTree = BUILT_PRODUCTS_DIR; };
		08BC0B522167E7F4003E44BE /* AppDelegate.h */ = {isa = PBXFileReference; lastKnownFileType = sourcecode.c.h; path = AppDelegate.h; sourceTree = "<group>"; };
		08BC0B532167E7F4003E44BE /* AppDelegate.m */ = {isa = PBXFileReference; lastKnownFileType = sourcecode.c.objc; path = AppDelegate.m; sourceTree = "<group>"; };
		08BC0B552167E7F4003E44BE /* ViewController.h */ = {isa = PBXFileReference; lastKnownFileType = sourcecode.c.h; path = ViewController.h; sourceTree = "<group>"; };
		08BC0B562167E7F4003E44BE /* ViewController.m */ = {isa = PBXFileReference; lastKnownFileType = sourcecode.c.objc; path = ViewController.m; sourceTree = "<group>"; };
		08BC0B592167E7F4003E44BE /* Base */ = {isa = PBXFileReference; lastKnownFileType = file.storyboard; name = Base; path = Base.lproj/Main.storyboard; sourceTree = "<group>"; };
		08BC0B5B2167E7F6003E44BE /* Assets.xcassets */ = {isa = PBXFileReference; lastKnownFileType = folder.assetcatalog; path = Assets.xcassets; sourceTree = "<group>"; };
		08BC0B5E2167E7F6003E44BE /* Base */ = {isa = PBXFileReference; lastKnownFileType = file.storyboard; name = Base; path = Base.lproj/LaunchScreen.storyboard; sourceTree = "<group>"; };
		08BC0B602167E7F6003E44BE /* Info.plist */ = {isa = PBXFileReference; lastKnownFileType = text.plist.xml; path = Info.plist; sourceTree = "<group>"; };
		08BC0B612167E7F6003E44BE /* main.m */ = {isa = PBXFileReference; lastKnownFileType = sourcecode.c.objc; path = main.m; sourceTree = "<group>"; };
		08BC0B75216C0432003E44BE /* Parazitii.mp3 */ = {isa = PBXFileReference; lastKnownFileType = audio.mp3; path = Parazitii.mp3; sourceTree = "<group>"; };
		08BC0B77216C13E0003E44BE /* bike horn.aiff */ = {isa = PBXFileReference; lastKnownFileType = audio.aiff; path = "bike horn.aiff"; sourceTree = "<group>"; };
		08BC0B78216C13E0003E44BE /* sncf.aiff */ = {isa = PBXFileReference; lastKnownFileType = audio.aiff; path = sncf.aiff; sourceTree = "<group>"; };
		08BC0B79216C13E0003E44BE /* toy horn.aiff */ = {isa = PBXFileReference; lastKnownFileType = audio.aiff; path = "toy horn.aiff"; sourceTree = "<group>"; };
		08BC0B7A216C13E0003E44BE /* marimba.aiff */ = {isa = PBXFileReference; lastKnownFileType = audio.aiff; path = marimba.aiff; sourceTree = "<group>"; };
/* End PBXFileReference section */

/* Begin PBXFrameworksBuildPhase section */
		08BC0B4C2167E7F4003E44BE /* Frameworks */ = {
			isa = PBXFrameworksBuildPhase;
			buildActionMask = 2147483647;
			files = (
			);
			runOnlyForDeploymentPostprocessing = 0;
		};
/* End PBXFrameworksBuildPhase section */

/* Begin PBXGroup section */
		08BC0B462167E7F4003E44BE = {
			isa = PBXGroup;
			children = (
				08BC0B512167E7F4003E44BE /* SoundDemo */,
				08BC0B502167E7F4003E44BE /* Products */,
			);
			sourceTree = "<group>";
		};
		08BC0B502167E7F4003E44BE /* Products */ = {
			isa = PBXGroup;
			children = (
				08BC0B4F2167E7F4003E44BE /* SoundDemo.app */,
			);
			name = Products;
			sourceTree = "<group>";
		};
		08BC0B512167E7F4003E44BE /* SoundDemo */ = {
			isa = PBXGroup;
			children = (
				08BC0B7421680269003E44BE /* sounds */,
				08BC0B522167E7F4003E44BE /* AppDelegate.h */,
				08BC0B532167E7F4003E44BE /* AppDelegate.m */,
				08BC0B552167E7F4003E44BE /* ViewController.h */,
				08BC0B562167E7F4003E44BE /* ViewController.m */,
				08BC0B582167E7F4003E44BE /* Main.storyboard */,
				08BC0B5B2167E7F6003E44BE /* Assets.xcassets */,
				08BC0B5D2167E7F6003E44BE /* LaunchScreen.storyboard */,
				08BC0B602167E7F6003E44BE /* Info.plist */,
				08BC0B612167E7F6003E44BE /* main.m */,
			);
			path = SoundDemo;
			sourceTree = "<group>";
		};
		08BC0B7421680269003E44BE /* sounds */ = {
			isa = PBXGroup;
			children = (
				08BC0B77216C13E0003E44BE /* bike horn.aiff */,
				08BC0B7A216C13E0003E44BE /* marimba.aiff */,
				08BC0B78216C13E0003E44BE /* sncf.aiff */,
				08BC0B79216C13E0003E44BE /* toy horn.aiff */,
				08BC0B75216C0432003E44BE /* Parazitii.mp3 */,
			);
			path = sounds;
			sourceTree = "<group>";
		};
/* End PBXGroup section */

/* Begin PBXNativeTarget section */
		08BC0B4E2167E7F4003E44BE /* SoundDemo */ = {
			isa = PBXNativeTarget;
			buildConfigurationList = 08BC0B652167E7F6003E44BE /* Build configuration list for PBXNativeTarget "SoundDemo" */;
			buildPhases = (
				08BC0B4B2167E7F4003E44BE /* Sources */,
				08BC0B4C2167E7F4003E44BE /* Frameworks */,
				08BC0B4D2167E7F4003E44BE /* Resources */,
			);
			buildRules = (
			);
			dependencies = (
			);
			name = SoundDemo;
			productName = SoundDemo;
			productReference = 08BC0B4F2167E7F4003E44BE /* SoundDemo.app */;
			productType = "com.apple.product-type.application";
		};
/* End PBXNativeTarget section */

/* Begin PBXProject section */
		08BC0B472167E7F4003E44BE /* Project object */ = {
			isa = PBXProject;
			attributes = {
				LastUpgradeCheck = 0940;
				ORGANIZATIONNAME = "Mircea Popescu";
				TargetAttributes = {
					08BC0B4E2167E7F4003E44BE = {
						CreatedOnToolsVersion = 9.4.1;
					};
				};
			};
			buildConfigurationList = 08BC0B4A2167E7F4003E44BE /* Build configuration list for PBXProject "SoundDemo" */;
			compatibilityVersion = "Xcode 9.3";
			developmentRegion = en;
			hasScannedForEncodings = 0;
			knownRegions = (
				en,
				Base,
			);
			mainGroup = 08BC0B462167E7F4003E44BE;
			productRefGroup = 08BC0B502167E7F4003E44BE /* Products */;
			projectDirPath = "";
			projectRoot = "";
			targets = (
				08BC0B4E2167E7F4003E44BE /* SoundDemo */,
			);
		};
/* End PBXProject section */

/* Begin PBXResourcesBuildPhase section */
		08BC0B4D2167E7F4003E44BE /* Resources */ = {
			isa = PBXResourcesBuildPhase;
			buildActionMask = 2147483647;
			files = (
				08BC0B76216C0432003E44BE /* Parazitii.mp3 in Resources */,
				08BC0B7E216C13E0003E44BE /* marimba.aiff in Resources */,
				08BC0B7C216C13E0003E44BE /* sncf.aiff in Resources */,
				08BC0B5F2167E7F6003E44BE /* LaunchScreen.storyboard in Resources */,
				08BC0B5C2167E7F6003E44BE /* Assets.xcassets in Resources */,
				08BC0B7D216C13E0003E44BE /* toy horn.aiff in Resources */,
				08BC0B5A2167E7F4003E44BE /* Main.storyboard in Resources */,
				08BC0B7B216C13E0003E44BE /* bike horn.aiff in Resources */,
			);
			runOnlyForDeploymentPostprocessing = 0;
		};
/* End PBXResourcesBuildPhase section */

/* Begin PBXSourcesBuildPhase section */
		08BC0B4B2167E7F4003E44BE /* Sources */ = {
			isa = PBXSourcesBuildPhase;
			buildActionMask = 2147483647;
			files = (
				08BC0B572167E7F4003E44BE /* ViewController.m in Sources */,
				08BC0B622167E7F6003E44BE /* main.m in Sources */,
				08BC0B542167E7F4003E44BE /* AppDelegate.m in Sources */,
			);
			runOnlyForDeploymentPostprocessing = 0;
		};
/* End PBXSourcesBuildPhase section */

/* Begin PBXVariantGroup section */
		08BC0B582167E7F4003E44BE /* Main.storyboard */ = {
			isa = PBXVariantGroup;
			children = (
				08BC0B592167E7F4003E44BE /* Base */,
			);
			name = Main.storyboard;
			sourceTree = "<group>";
		};
		08BC0B5D2167E7F6003E44BE /* LaunchScreen.storyboard */ = {
			isa = PBXVariantGroup;
			children = (
				08BC0B5E2167E7F6003E44BE /* Base */,
			);
			name = LaunchScreen.storyboard;
			sourceTree = "<group>";
		};
/* End PBXVariantGroup section */

/* Begin XCBuildConfiguration section */
		08BC0B632167E7F6003E44BE /* Debug */ = {
			isa = XCBuildConfiguration;
			buildSettings = {
				ALWAYS_SEARCH_USER_PATHS = NO;
				CLANG_ANALYZER_NONNULL = YES;
				CLANG_ANALYZER_NUMBER_OBJECT_CONVERSION = YES_AGGRESSIVE;
				CLANG_CXX_LANGUAGE_STANDARD = "gnu++14";
				CLANG_CXX_LIBRARY = "libc++";
				CLANG_ENABLE_MODULES = YES;
				CLANG_ENABLE_OBJC_ARC = YES;
				CLANG_ENABLE_OBJC_WEAK = YES;
				CLANG_WARN_BLOCK_CAPTURE_AUTORELEASING = YES;
				CLANG_WARN_BOOL_CONVERSION = YES;
				CLANG_WARN_COMMA = YES;
				CLANG_WARN_CONSTANT_CONVERSION = YES;
				CLANG_WARN_DEPRECATED_OBJC_IMPLEMENTATIONS = YES;
				CLANG_WARN_DIRECT_OBJC_ISA_USAGE = YES_ERROR;
				CLANG_WARN_DOCUMENTATION_COMMENTS = YES;
				CLANG_WARN_EMPTY_BODY = YES;
				CLANG_WARN_ENUM_CONVERSION = YES;
				CLANG_WARN_INFINITE_RECURSION = YES;
				CLANG_WARN_INT_CONVERSION = YES;
				CLANG_WARN_NON_LITERAL_NULL_CONVERSION = YES;
				CLANG_WARN_OBJC_IMPLICIT_RETAIN_SELF = YES;
				CLANG_WARN_OBJC_LITERAL_CONVERSION = YES;
				CLANG_WARN_OBJC_ROOT_CLASS = YES_ERROR;
				CLANG_WARN_RANGE_LOOP_ANALYSIS = YES;
				CLANG_WARN_STRICT_PROTOTYPES = YES;
				CLANG_WARN_SUSPICIOUS_MOVE = YES;
				CLANG_WARN_UNGUARDED_AVAILABILITY = YES_AGGRESSIVE;
				CLANG_WARN_UNREACHABLE_CODE = YES;
				CLANG_WARN__DUPLICATE_METHOD_MATCH = YES;
				CODE_SIGN_IDENTITY = "iPhone Developer";
				COPY_PHASE_STRIP = NO;
				DEBUG_INFORMATION_FORMAT = dwarf;
				ENABLE_STRICT_OBJC_MSGSEND = YES;
				ENABLE_TESTABILITY = YES;
				GCC_C_LANGUAGE_STANDARD = gnu11;
				GCC_DYNAMIC_NO_PIC = NO;
				GCC_NO_COMMON_BLOCKS = YES;
				GCC_OPTIMIZATION_LEVEL = 0;
				GCC_PREPROCESSOR_DEFINITIONS = (
					"DEBUG=1",
					"$(inherited)",
				);
				GCC_WARN_64_TO_32_BIT_CONVERSION = YES;
				GCC_WARN_ABOUT_RETURN_TYPE = YES_ERROR;
				GCC_WARN_UNDECLARED_SELECTOR = YES;
				GCC_WARN_UNINITIALIZED_AUTOS = YES_AGGRESSIVE;
				GCC_WARN_UNUSED_FUNCTION = YES;
				GCC_WARN_UNUSED_VARIABLE = YES;
				IPHONEOS_DEPLOYMENT_TARGET = 11.4;
				MTL_ENABLE_DEBUG_INFO = YES;
				ONLY_ACTIVE_ARCH = YES;
				SDKROOT = iphoneos;
			};
			name = Debug;
		};
		08BC0B642167E7F6003E44BE /* Release */ = {
			isa = XCBuildConfiguration;
			buildSettings = {
				ALWAYS_SEARCH_USER_PATHS = NO;
				CLANG_ANALYZER_NONNULL = YES;
				CLANG_ANALYZER_NUMBER_OBJECT_CONVERSION = YES_AGGRESSIVE;
				CLANG_CXX_LANGUAGE_STANDARD = "gnu++14";
				CLANG_CXX_LIBRARY = "libc++";
				CLANG_ENABLE_MODULES = YES;
				CLANG_ENABLE_OBJC_ARC = YES;
				CLANG_ENABLE_OBJC_WEAK = YES;
				CLANG_WARN_BLOCK_CAPTURE_AUTORELEASING = YES;
				CLANG_WARN_BOOL_CONVERSION = YES;
				CLANG_WARN_COMMA = YES;
				CLANG_WARN_CONSTANT_CONVERSION = YES;
				CLANG_WARN_DEPRECATED_OBJC_IMPLEMENTATIONS = YES;
				CLANG_WARN_DIRECT_OBJC_ISA_USAGE = YES_ERROR;
				CLANG_WARN_DOCUMENTATION_COMMENTS = YES;
				CLANG_WARN_EMPTY_BODY = YES;
				CLANG_WARN_ENUM_CONVERSION = YES;
				CLANG_WARN_INFINITE_RECURSION = YES;
				CLANG_WARN_INT_CONVERSION = YES;
				CLANG_WARN_NON_LITERAL_NULL_CONVERSION = YES;
				CLANG_WARN_OBJC_IMPLICIT_RETAIN_SELF = YES;
				CLANG_WARN_OBJC_LITERAL_CONVERSION = YES;
				CLANG_WARN_OBJC_ROOT_CLASS = YES_ERROR;
				CLANG_WARN_RANGE_LOOP_ANALYSIS = YES;
				CLANG_WARN_STRICT_PROTOTYPES = YES;
				CLANG_WARN_SUSPICIOUS_MOVE = YES;
				CLANG_WARN_UNGUARDED_AVAILABILITY = YES_AGGRESSIVE;
				CLANG_WARN_UNREACHABLE_CODE = YES;
				CLANG_WARN__DUPLICATE_METHOD_MATCH = YES;
				CODE_SIGN_IDENTITY = "iPhone Developer";
				COPY_PHASE_STRIP = NO;
				DEBUG_INFORMATION_FORMAT = "dwarf-with-dsym";
				ENABLE_NS_ASSERTIONS = NO;
				ENABLE_STRICT_OBJC_MSGSEND = YES;
				GCC_C_LANGUAGE_STANDARD = gnu11;
				GCC_NO_COMMON_BLOCKS = YES;
				GCC_WARN_64_TO_32_BIT_CONVERSION = YES;
				GCC_WARN_ABOUT_RETURN_TYPE = YES_ERROR;
				GCC_WARN_UNDECLARED_SELECTOR = YES;
				GCC_WARN_UNINITIALIZED_AUTOS = YES_AGGRESSIVE;
				GCC_WARN_UNUSED_FUNCTION = YES;
				GCC_WARN_UNUSED_VARIABLE = YES;
				IPHONEOS_DEPLOYMENT_TARGET = 11.4;
				MTL_ENABLE_DEBUG_INFO = NO;
				SDKROOT = iphoneos;
				VALIDATE_PRODUCT = YES;
			};
			name = Release;
		};
		08BC0B662167E7F6003E44BE /* Debug */ = {
			isa = XCBuildConfiguration;
			buildSettings = {
				ASSETCATALOG_COMPILER_APPICON_NAME = AppIcon;
				CODE_SIGN_STYLE = Automatic;
				DEVELOPMENT_TEAM = N264L7YLRX;
				INFOPLIST_FILE = SoundDemo/Info.plist;
				LD_RUNPATH_SEARCH_PATHS = (
					"$(inherited)",
					"@executable_path/Frameworks",
				);
				PRODUCT_BUNDLE_IDENTIFIER = MP.SoundDemo;
				PRODUCT_NAME = "$(TARGET_NAME)";
				TARGETED_DEVICE_FAMILY = "1,2";
			};
			name = Debug;
		};
		08BC0B672167E7F6003E44BE /* Release */ = {
			isa = XCBuildConfiguration;
			buildSettings = {
				ASSETCATALOG_COMPILER_APPICON_NAME = AppIcon;
				CODE_SIGN_STYLE = Automatic;
				DEVELOPMENT_TEAM = N264L7YLRX;
				INFOPLIST_FILE = SoundDemo/Info.plist;
				LD_RUNPATH_SEARCH_PATHS = (
					"$(inherited)",
					"@executable_path/Frameworks",
				);
				PRODUCT_BUNDLE_IDENTIFIER = MP.SoundDemo;
				PRODUCT_NAME = "$(TARGET_NAME)";
				TARGETED_DEVICE_FAMILY = "1,2";
			};
			name = Release;
		};
/* End XCBuildConfiguration section */

/* Begin XCConfigurationList section */
		08BC0B4A2167E7F4003E44BE /* Build configuration list for PBXProject "SoundDemo" */ = {
			isa = XCConfigurationList;
			buildConfigurations = (
				08BC0B632167E7F6003E44BE /* Debug */,
				08BC0B642167E7F6003E44BE /* Release */,
			);
			defaultConfigurationIsVisible = 0;
			defaultConfigurationName = Release;
		};
		08BC0B652167E7F6003E44BE /* Build configuration list for PBXNativeTarget "SoundDemo" */ = {
			isa = XCConfigurationList;
			buildConfigurations = (
				08BC0B662167E7F6003E44BE /* Debug */,
				08BC0B672167E7F6003E44BE /* Release */,
			);
			defaultConfigurationIsVisible = 0;
			defaultConfigurationName = Release;
		};
/* End XCConfigurationList section */
	};
	rootObject = 08BC0B472167E7F4003E44BE /* Project object */;
}
